{
  "name": "graylog2",
  "version": "0.2.2",
  "lockfileVersion": 1,
  "requires": true,
  "dependencies": {
    "bfj": {
      "version": "7.0.1",
      "resolved": "https://npm.uform.tech/bfj/-/bfj-7.0.1.tgz",
      "integrity": "sha512-Zsy7GRuwXTxxTUUMAJ2mnKKkzuwMx0/byIxZHAUiw5QlVzrlX274f4P4V0e2BAhYwgqH5qVi2bVKPfwtUayw5Q==",
      "requires": {
        "bluebird": "^3.5.5",
        "check-types": "^8.0.3",
        "hoopy": "^0.1.4",
        "tryer": "^1.0.1"
      }
    },
    "bluebird": {
      "version": "3.7.1",
      "resolved": "https://npm.uform.tech/bluebird/-/bluebird-3.7.1.tgz",
      "integrity": "sha512-DdmyoGCleJnkbp3nkbxTLJ18rjDsE4yCggEwKNXkeV123sPNfOCYeDoeuOY+F2FrSjO1YXcTU+dsy96KMy+gcg=="
    },
    "buffer-from": {
      "version": "1.1.1",
      "resolved": "https://npm.uform.tech/buffer-from/-/buffer-from-1.1.1.tgz",
      "integrity": "sha512-MQcXEUbCKtEo7bhqEs6560Hyd4XaovZlO/k9V3hjVUF/zwW7KBVdSK4gIt/bzwS9MbR5qob+F5jusZsb0YQK2A=="
    },
    "check-types": {
      "version": "8.0.3",
      "resolved": "https://npm.uform.tech/check-types/-/check-types-8.0.3.tgz",
      "integrity": "sha512-YpeKZngUmG65rLudJ4taU7VLkOCTMhNl/u4ctNC56LQS/zJTyNH0Lrtwm1tfTsbLlwvlfsA2d1c8vCf/Kh2KwQ=="
    },
    "concat-stream": {
      "version": "2.0.0",
      "resolved": "https://npm.uform.tech/concat-stream/-/concat-stream-2.0.0.tgz",
      "integrity": "sha512-MWufYdFw53ccGjCA+Ol7XJYpAlW6/prSMzuPOTRnJGcGzuhLn4Scrz7qf6o8bROZ514ltazcIFJZevcfbo0x7A==",
      "requires": {
        "buffer-from": "^1.0.0",
        "inherits": "^2.0.3",
        "readable-stream": "^3.0.2",
        "typedarray": "^0.0.6"
      }
    },
    "hoopy": {
      "version": "0.1.4",
      "resolved": "https://npm.uform.tech/hoopy/-/hoopy-0.1.4.tgz",
      "integrity": "sha512-HRcs+2mr52W0K+x8RzcLzuPPmVIKMSv97RGHy0Ea9y/mpcaK+xTrjICA04KAHi4GRzxliNqNJEFYWHghy3rSfQ=="
    },
    "inherits": {
      "version": "2.0.4",
      "resolved": "https://npm.uform.tech/inherits/-/inherits-2.0.4.tgz",
      "integrity": "sha512-k/vGaX4/Yla3WzyMCvTQOXYeIHvqOKtnqBduzTHpzpQZzAskKMhZ2K+EnBiSM9zGSoIFeMpXKxa4dYeZIQqewQ=="
    },
    "readable-stream": {
      "version": "3.4.0",
      "resolved": "https://npm.uform.tech/readable-stream/-/readable-stream-3.4.0.tgz",
      "integrity": "sha512-jItXPLmrSR8jmTRmRWJXCnGJsfy85mB3Wd/uINMXA65yrnFo0cPClFIUWzo2najVNSl+mx7/4W8ttlLWJe99pQ==",
      "requires": {
        "inherits": "^2.0.3",
        "string_decoder": "^1.1.1",
        "util-deprecate": "^1.0.1"
      }
    },
    "safe-buffer": {
      "version": "5.2.0",
      "resolved": "https://npm.uform.tech/safe-buffer/-/safe-buffer-5.2.0.tgz",
      "integrity": "sha512-fZEwUGbVl7kouZs1jCdMLdt95hdIv0ZeHg6L7qPeciMZhZ+/gdesW4wgTARkrFWEpspjEATAzUGPG8N2jJiwbg=="
    },
    "string_decoder": {
      "version": "1.3.0",
      "resolved": "https://npm.uform.tech/string_decoder/-/string_decoder-1.3.0.tgz",
      "integrity": "sha512-hkRX8U1WjJFd8LsDJ2yQ/wWWxaopEsABU1XfkM8A+j0+85JAGppt16cr1Whg6KIbb4okU6Mql6BOj+uup/wKeA==",
      "requires": {
        "safe-buffer": "~5.2.0"
      }
    },
    "tryer": {
      "version": "1.0.1",
      "resolved": "https://npm.uform.tech/tryer/-/tryer-1.0.1.tgz",
      "integrity": "sha512-c3zayb8/kWWpycWYg87P71E1S1ZL6b6IJxfb5fvsUgsf0S2MVGaDhDXXjDMpdCpfWXqptc+4mXwmiy1ypXqRAA=="
    },
    "typedarray": {
      "version": "0.0.6",
      "resolved": "https://npm.uform.tech/typedarray/-/typedarray-0.0.6.tgz",
      "integrity": "sha1-hnrHTjhkGHsdPUfZlqeOxciDB3c="
    },
    "util-deprecate": {
      "version": "1.0.2",
      "resolved": "https://npm.uform.tech/util-deprecate/-/util-deprecate-1.0.2.tgz",
      "integrity": "sha1-RQ1Nyfpw3nMnYvvS1KKJgUGaDM8="
    }
  }
}
